
Microsoft Visual Studio Solution File, Format Version 12.00
# Visual Studio Version 17
VisualStudioVersion = 17.2.32630.192
MinimumVisualStudioVersion = 10.0.40219.1
Project("{FAE04EC0-301F-11D3-BF4B-00C04F79EFBC}") = "TestTripleCyber", "TestTripleCyber\TestTripleCyber.csproj", "{3D42CBD5-1BE9-4170-830C-431C0CF6FC08}"
EndProject
Global
	GlobalSection(SolutionConfigurationPlatforms) = preSolution
		Debug|Any CPU = Debug|Any CPU
		Release|Any CPU = Release|Any CPU
	EndGlobalSection
	GlobalSection(ProjectConfigurationPlatforms) = postSolution
		{3D42CBD5-1BE9-4170-830C-431C0CF6FC08}.Debug|Any CPU.ActiveCfg = Debug|Any CPU
		{3D42CBD5-1BE9-4170-830C-431C0CF6FC08}.Debug|Any CPU.Build.0 = Debug|Any CPU
		{3D42CBD5-1BE9-4170-830C-431C0CF6FC08}.Release|Any CPU.ActiveCfg = Release|Any CPU
		{3D42CBD5-1BE9-4170-830C-431C0CF6FC08}.Release|Any CPU.Build.0 = Release|Any CPU
	EndGlobalSection
	GlobalSection(SolutionProperties) = preSolution
		HideSolutionNode = FALSE
	EndGlobalSection
	GlobalSection(ExtensibilityGlobals) = postSolution
		SolutionGuid = {FAC87BED-E687-41C0-8B07-442BF0718A92}
	EndGlobalSection
EndGlobal
